
Microsoft Visual Studio Solution File, Format Version 12.00
# Visual Studio Version 16
VisualStudioVersion = 16.0.31729.503
MinimumVisualStudioVersion = 10.0.40219.1
Project("{FAE04EC0-301F-11D3-BF4B-00C04F79EFBC}") = "DurableFuncsWithTimer", "DurableFuncsWithTimer.csproj", "{2F75B1AD-B56A-4DC9-B6FF-11B8C15A84B6}"
EndProject
Project("{FAE04EC0-301F-11D3-BF4B-00C04F79EFBC}") = "EternalDurableFunc", "..\EternalDurableFunc\EternalDurableFunc.csproj", "{52FA4231-13D6-4D1E-813A-764C9C005B4B}"
EndProject
Global
	GlobalSection(SolutionConfigurationPlatforms) = preSolution
		Debug|Any CPU = Debug|Any CPU
		Release|Any CPU = Release|Any CPU
	EndGlobalSection
	GlobalSection(ProjectConfigurationPlatforms) = postSolution
		{2F75B1AD-B56A-4DC9-B6FF-11B8C15A84B6}.Debug|Any CPU.ActiveCfg = Debug|Any CPU
		{2F75B1AD-B56A-4DC9-B6FF-11B8C15A84B6}.Debug|Any CPU.Build.0 = Debug|Any CPU
		{2F75B1AD-B56A-4DC9-B6FF-11B8C15A84B6}.Release|Any CPU.ActiveCfg = Release|Any CPU
		{2F75B1AD-B56A-4DC9-B6FF-11B8C15A84B6}.Release|Any CPU.Build.0 = Release|Any CPU
		{52FA4231-13D6-4D1E-813A-764C9C005B4B}.Debug|Any CPU.ActiveCfg = Debug|Any CPU
		{52FA4231-13D6-4D1E-813A-764C9C005B4B}.Debug|Any CPU.Build.0 = Debug|Any CPU
		{52FA4231-13D6-4D1E-813A-764C9C005B4B}.Release|Any CPU.ActiveCfg = Release|Any CPU
		{52FA4231-13D6-4D1E-813A-764C9C005B4B}.Release|Any CPU.Build.0 = Release|Any CPU
	EndGlobalSection
	GlobalSection(SolutionProperties) = preSolution
		HideSolutionNode = FALSE
	EndGlobalSection
	GlobalSection(ExtensibilityGlobals) = postSolution
		SolutionGuid = {21F65BAA-F840-4E10-AC96-5BB950DD2BBF}
	EndGlobalSection
EndGlobal
